{
  "version": 4,
  "terraform_version": "0.11.9",
  "serial": 15,
  "lineage": "83be7a82-11ad-3cb5-edb3-7fc642894767",
  "outputs": {},
  "resources": [
    {
      "mode": "managed",
      "type": "aci_filter",
      "name": "demofilter",
      "provider": "provider.aci",
      "instances": [
        {
          "schema_version": 1,
          "attributes": {
            "description": "This filter is created by terraform ACI provider.",
            "id": "uni/tn-tenant_for_filter/flt-test_tf_filter",
            "name": "test_tf_filter",
            "name_alias": "",
            "relation_vz_rs_filt_graph_att": "testinterm",
            "relation_vz_rs_fwd_r_flt_p_att": "uni/tn-tenant_for_filter/flt-test_tf_filter",
            "relation_vz_rs_rev_r_flt_p_att": "uni/tn-tenant_for_filter/flt-test_tf_filter",
            "tenant_dn": "uni/tn-tenant_for_filter"
          },
          "depends_on": [
            "aci_filter.fwd_filter",
            "aci_filter.rev_filter",
            "aci_tenant.tenant_for_filter"
          ]
        }
      ]
    },
    {
      "mode": "managed",
      "type": "aci_filter",
      "name": "fwd_filter",
      "provider": "provider.aci",
      "instances": [
        {
          "schema_version": 1,
          "attributes": {
            "description": "This filter is created by terraform ACI provider.",
            "id": "uni/tn-tenant_for_filter/flt-test_tf_filter",
            "name": "test_tf_filter",
            "name_alias": "",
            "relation_vz_rs_filt_graph_att": null,
            "relation_vz_rs_fwd_r_flt_p_att": null,
            "relation_vz_rs_rev_r_flt_p_att": null,
            "tenant_dn": "uni/tn-tenant_for_filter"
          },
          "depends_on": [
            "aci_tenant.tenant_for_filter"
          ]
        }
      ]
    },
    {
      "mode": "managed",
      "type": "aci_filter",
      "name": "rev_filter",
      "provider": "provider.aci",
      "instances": [
        {
          "schema_version": 1,
          "attributes": {
            "description": "This filter is created by terraform ACI provider.",
            "id": "uni/tn-tenant_for_filter/flt-test_tf_filter",
            "name": "test_tf_filter",
            "name_alias": "",
            "relation_vz_rs_filt_graph_att": null,
            "relation_vz_rs_fwd_r_flt_p_att": null,
            "relation_vz_rs_rev_r_flt_p_att": null,
            "tenant_dn": "uni/tn-tenant_for_filter"
          },
          "depends_on": [
            "aci_tenant.tenant_for_filter"
          ]
        }
      ]
    },
    {
      "mode": "managed",
      "type": "aci_tenant",
      "name": "tenant_for_filter",
      "provider": "provider.aci",
      "instances": [
        {
          "schema_version": 1,
          "attributes": {
            "description": "This tenant is created by terraform ACI provider",
            "id": "uni/tn-tenant_for_filter",
            "name": "tenant_for_filter",
            "name_alias": "",
            "relation_fv_rs_tenant_mon_pol": null,
            "relation_fv_rs_tn_deny_rule": null
          }
        }
      ]
    }
  ]
}
