{
    "version": 3,
    "terraform_version": "0.11.7",
    "serial": 2,
    "lineage": "83be7a82-11ad-3cb5-edb3-7fc642894767",
    "modules": [
        {
            "path": [
                "root"
            ],
            "outputs": {},
            "resources": {
                "aci_filter.demofilter": {
                    "type": "aci_filter",
                    "depends_on": [
                        "aci_tenant.tenant_for_filter"
                    ],
                    "primary": {
                        "id": "uni/tn-tenant_for_filter/flt-test_tf_filter",
                        "attributes": {
                            "annotation": "{}",
                            "description": "This filter is created by terraform ACI provider.",
                            "fv_tenant_dn": "uni/tn-tenant_for_filter",
                            "id": "uni/tn-tenant_for_filter/flt-test_tf_filter",
                            "name": "test_tf_filter",
                            "name_alias": ""
                        },
                        "meta": {
                            "schema_version": "1"
                        },
                        "tainted": false
                    },
                    "deposed": [],
                    "provider": "provider.aci"
                },
                "aci_tenant.tenant_for_filter": {
                    "type": "aci_tenant",
                    "depends_on": [],
                    "primary": {
                        "id": "uni/tn-tenant_for_filter",
                        "attributes": {
                            "annotation": "{}",
                            "description": "This tenant is created by terraform ACI provider",
                            "id": "uni/tn-tenant_for_filter",
                            "name": "tenant_for_filter",
                            "name_alias": ""
                        },
                        "meta": {
                            "schema_version": "1"
                        },
                        "tainted": false
                    },
                    "deposed": [],
                    "provider": "provider.aci"
                }
            },
            "depends_on": []
        }
    ]
}
