{
    "version": 3,
    "terraform_version": "0.11.9",
    "serial": 22,
    "lineage": "a2cb5d47-6d57-3222-2422-62fa1adcd2f7",
    "modules": [
        {
            "path": [
                "root"
            ],
            "outputs": {},
            "resources": {
                "aci_application_epg.demoepg": {
                    "type": "aci_application_epg",
                    "depends_on": [
                        "aci_application_profile.app_profile_for_epg"
                    ],
                    "primary": {
                        "id": "uni/tn-tenant_for_epg/ap-ap_for_epg/epg-tf_test_epg",
                        "attributes": {
                            "application_profile_dn": "uni/tn-tenant_for_epg/ap-ap_for_epg",
                            "description": "This epg is created by terraform ACI providers",
                            "flood_on_encap": "disabled",
                            "fwd_ctrl": "",
                            "id": "uni/tn-tenant_for_epg/ap-ap_for_epg/epg-tf_test_epg",
                            "is_attr_based_e_pg": "no",
                            "match_t": "AtleastOne",
                            "name": "tf_test_epg",
                            "name_alias": "",
                            "pc_enf_pref": "unenforced",
                            "pref_gr_memb": "exclude",
                            "prio": "unspecified",
                            "relation_fv_rs_ae_pg_mon_pol": "aepgmonpol",
                            "relation_fv_rs_cons.#": "1",
                            "relation_fv_rs_cons.2429972414": "testrscons",
                            "relation_fv_rs_cons_if.#": "1",
                            "relation_fv_rs_cons_if.948319462": "testconsif",
                            "relation_fv_rs_dom_att.#": "1",
                            "relation_fv_rs_dom_att.3632233996": "test",
                            "relation_fv_rs_dpp_pol": "testdpppol",
                            "relation_fv_rs_fc_path_att.#": "1",
                            "relation_fv_rs_fc_path_att.3959765556": "testfabric",
                            "relation_fv_rs_intra_epg.#": "1",
                            "relation_fv_rs_intra_epg.4224224812": "testintraepg",
                            "relation_fv_rs_node_att.#": "1",
                            "relation_fv_rs_node_att.3838430104": "testnodeatt",
                            "relation_fv_rs_path_att.#": "1",
                            "relation_fv_rs_path_att.2074608164": "testpathatt",
                            "relation_fv_rs_prot_by.#": "1",
                            "relation_fv_rs_prot_by.2618672334": "testprot",
                            "relation_fv_rs_prov.#": "1",
                            "relation_fv_rs_prov.1099308524": "testcontract",
                            "relation_fv_rs_sec_inherited.#": "1",
                            "relation_fv_rs_sec_inherited.1291498124": "testinherited",
                            "relation_fv_rs_trust_ctrl": "testtrustctrl"
                        },
                        "meta": {
                            "schema_version": "1"
                        },
                        "tainted": false
                    },
                    "deposed": [],
                    "provider": "provider.aci"
                },
                "aci_application_profile.app_profile_for_epg": {
                    "type": "aci_application_profile",
                    "depends_on": [
                        "aci_tenant.tenant_for_epg"
                    ],
                    "primary": {
                        "id": "uni/tn-tenant_for_epg/ap-ap_for_epg",
                        "attributes": {
                            "description": "This app profile is created by terraform ACI providers",
                            "id": "uni/tn-tenant_for_epg/ap-ap_for_epg",
                            "name": "ap_for_epg",
                            "name_alias": "",
                            "prio": "unspecified",
                            "tenant_dn": "uni/tn-tenant_for_epg"
                        },
                        "meta": {
                            "schema_version": "1"
                        },
                        "tainted": false
                    },
                    "deposed": [],
                    "provider": "provider.aci"
                },
                "aci_tenant.tenant_for_epg": {
                    "type": "aci_tenant",
                    "depends_on": [],
                    "primary": {
                        "id": "uni/tn-tenant_for_epg",
                        "attributes": {
                            "description": "This tenant is created by terraform ACI provider",
                            "id": "uni/tn-tenant_for_epg",
                            "name": "tenant_for_epg",
                            "name_alias": ""
                        },
                        "meta": {
                            "schema_version": "1"
                        },
                        "tainted": false
                    },
                    "deposed": [],
                    "provider": "provider.aci"
                }
            },
            "depends_on": []
        }
    ]
}
