{
    "version": 3,
    "terraform_version": "0.11.9",
    "serial": 5,
    "lineage": "a2cb5d47-6d57-3222-2422-62fa1adcd2f7",
    "modules": [
        {
            "path": [
                "root"
            ],
            "outputs": {},
            "resources": {
                "aci_application_epg.demoepg": {
                    "type": "aci_application_epg",
                    "depends_on": [
                        "aci_application_profile.app_profile_for_epg"
                    ],
                    "primary": {
                        "id": "uni/tn-tenant_for_epg/ap-ap_for_epg/epg-tf_test_epg",
                        "attributes": {
                            "application_profile_dn": "uni/tn-tenant_for_epg/ap-ap_for_epg",
                            "description": "This epg is created by terraform ACI providers",
                            "flood_on_encap": "disabled",
                            "fwd_ctrl": "",
                            "id": "uni/tn-tenant_for_epg/ap-ap_for_epg/epg-tf_test_epg",
                            "is_attr_based_e_pg": "no",
                            "match_t": "AtleastOne",
                            "name": "tf_test_epg",
                            "name_alias": "",
                            "pc_enf_pref": "unenforced",
                            "pref_gr_memb": "exclude",
                            "prio": "unspecified"
                        },
                        "meta": {
                            "schema_version": "1"
                        },
                        "tainted": false
                    },
                    "deposed": [],
                    "provider": "provider.aci"
                },
                "aci_application_profile.app_profile_for_epg": {
                    "type": "aci_application_profile",
                    "depends_on": [
                        "aci_tenant.tenant_for_epg"
                    ],
                    "primary": {
                        "id": "uni/tn-tenant_for_epg/ap-ap_for_epg",
                        "attributes": {
                            "description": "This app profile is created by terraform ACI providers",
                            "id": "uni/tn-tenant_for_epg/ap-ap_for_epg",
                            "name": "ap_for_epg",
                            "name_alias": "",
                            "prio": "unspecified",
                            "tenant_dn": "uni/tn-tenant_for_epg"
                        },
                        "meta": {
                            "schema_version": "1"
                        },
                        "tainted": false
                    },
                    "deposed": [],
                    "provider": "provider.aci"
                },
                "aci_tenant.tenant_for_epg": {
                    "type": "aci_tenant",
                    "depends_on": [],
                    "primary": {
                        "id": "uni/tn-tenant_for_epg",
                        "attributes": {
                            "description": "This tenant is created by terraform ACI provider",
                            "id": "uni/tn-tenant_for_epg",
                            "name": "tenant_for_epg",
                            "name_alias": ""
                        },
                        "meta": {
                            "schema_version": "1"
                        },
                        "tainted": false
                    },
                    "deposed": [],
                    "provider": "provider.aci"
                }
            },
            "depends_on": []
        }
    ]
}
