{
  "version": 4,
  "terraform_version": "0.11.9",
  "serial": 118,
  "lineage": "a2cb5d47-6d57-3222-2422-62fa1adcd2f7",
  "outputs": {},
  "resources": [
    {
      "mode": "managed",
      "type": "aci_application_epg",
      "name": "demoepg",
      "provider": "provider.aci",
      "instances": [
        {
          "schema_version": 1,
          "attributes": {
            "application_profile_dn": "uni/tn-tenant_for_epg/ap-ap_for_epg",
            "description": "This epg is created by terraform ACI providers",
            "flood_on_encap": "disabled",
            "fwd_ctrl": "",
            "id": "uni/tn-tenant_for_epg/ap-ap_for_epg/epg-tf_test_epg",
            "is_attr_based_e_pg": "no",
            "match_t": "None",
            "name": "tf_test_epg",
            "name_alias": "",
            "pc_enf_pref": "unenforced",
            "pref_gr_memb": "exclude",
            "prio": "unspecified",
            "relation_fv_rs_ae_pg_mon_pol": "uni/tn-tenant_for_epg/monepg-testpol",
            "relation_fv_rs_bd": "uni/tn-tenant_for_epg/BD-test_tf_bd_rel",
            "relation_fv_rs_cons": [
              "uni/tn-tenant_for_contract/brc-rs_cons_contract"
            ],
            "relation_fv_rs_cons_if": [
              "uni/tn-tenant_for_epg/cif-testcontract"
            ],
            "relation_fv_rs_cust_qos_pol": "uni/tn-tenant_for_epg/qoscustom-testpol",
            "relation_fv_rs_dom_att": [
              "uni/fc-test"
            ],
            "relation_fv_rs_dpp_pol": "uni/tn-tenant_for_epg/qosdpppol-testqospol",
            "relation_fv_rs_fc_path_att": [
              "testfabric"
            ],
            "relation_fv_rs_graph_def": null,
            "relation_fv_rs_intra_epg": [
              "uni/tn-tenant_for_contract/brc-intra_epg_contract"
            ],
            "relation_fv_rs_node_att": [
              "testnodeatt"
            ],
            "relation_fv_rs_path_att": [
              "testpathatt"
            ],
            "relation_fv_rs_prot_by": [
              "uni/tn-tenant_for_epg/taboo-testcon"
            ],
            "relation_fv_rs_prov": [
              "uni/tn-tenant_for_contract/brc-rs_prov_contract"
            ],
            "relation_fv_rs_prov_def": null,
            "relation_fv_rs_sec_inherited": [
              "uni/tn-tenant_for_epg/ap-ap_for_epg/epg-inherit_epg"
            ],
            "relation_fv_rs_trust_ctrl": "uni/tn-tenant_for_epg/trustctrlpol-testtrustpol"
          },
          "depends_on": [
            "aci_application_epg.inherit_epg",
            "aci_application_profile.app_profile_for_epg",
            "aci_bridge_domain.bd_for_rel",
            "aci_contract.intra_epg_contract",
            "aci_contract.rs_cons_contract",
            "aci_contract.rs_prov_contract",
            "aci_rest.rest_infra_domp",
            "aci_rest.rest_mon_epg_pol",
            "aci_rest.rest_qos_custom_pol",
            "aci_rest.rest_qos_dpp_pol",
            "aci_rest.rest_taboo_con",
            "aci_rest.rest_trust_ctrl_pol",
            "aci_rest.rest_vz_cons_if"
          ]
        }
      ]
    },
    {
      "mode": "managed",
      "type": "aci_application_epg",
      "name": "inherit_epg",
      "provider": "provider.aci",
      "instances": [
        {
          "schema_version": 1,
          "attributes": {
            "application_profile_dn": "uni/tn-tenant_for_epg/ap-ap_for_epg",
            "description": "epg to create relation sec_inherited",
            "flood_on_encap": "disabled",
            "fwd_ctrl": "",
            "id": "uni/tn-tenant_for_epg/ap-ap_for_epg/epg-inherit_epg",
            "is_attr_based_e_pg": "no",
            "match_t": "AtleastOne",
            "name": "inherit_epg",
            "name_alias": "",
            "pc_enf_pref": "unenforced",
            "pref_gr_memb": "exclude",
            "prio": "unspecified",
            "relation_fv_rs_ae_pg_mon_pol": null,
            "relation_fv_rs_bd": null,
            "relation_fv_rs_cons": null,
            "relation_fv_rs_cons_if": null,
            "relation_fv_rs_cust_qos_pol": null,
            "relation_fv_rs_dom_att": null,
            "relation_fv_rs_dpp_pol": null,
            "relation_fv_rs_fc_path_att": null,
            "relation_fv_rs_graph_def": null,
            "relation_fv_rs_intra_epg": null,
            "relation_fv_rs_node_att": null,
            "relation_fv_rs_path_att": null,
            "relation_fv_rs_prot_by": null,
            "relation_fv_rs_prov": null,
            "relation_fv_rs_prov_def": null,
            "relation_fv_rs_sec_inherited": null,
            "relation_fv_rs_trust_ctrl": null
          },
          "depends_on": [
            "aci_application_profile.app_profile_for_epg"
          ]
        }
      ]
    },
    {
      "mode": "managed",
      "type": "aci_application_profile",
      "name": "app_profile_for_epg",
      "provider": "provider.aci",
      "instances": [
        {
          "schema_version": 1,
          "attributes": {
            "description": "This app profile is created by terraform ACI providers",
            "id": "uni/tn-tenant_for_epg/ap-ap_for_epg",
            "name": "ap_for_epg",
            "name_alias": "",
            "prio": "unspecified",
            "relation_fv_rs_ap_mon_pol": null,
            "tenant_dn": "uni/tn-tenant_for_epg"
          },
          "depends_on": [
            "aci_tenant.tenant_for_epg"
          ]
        }
      ]
    },
    {
      "mode": "managed",
      "type": "aci_bridge_domain",
      "name": "bd_for_rel",
      "provider": "provider.aci",
      "instances": [
        {
          "schema_version": 1,
          "attributes": {
            "arp_flood": "no",
            "description": "This bridge domain is created by terraform ACI provider",
            "ep_clear": "no",
            "ep_move_detect_mode": "",
            "id": "uni/tn-tenant_for_epg/BD-test_tf_bd_rel",
            "intersite_bum_traffic_allow": "no",
            "intersite_l2_stretch": "no",
            "ip_learning": "yes",
            "limit_ip_learn_to_subnets": "yes",
            "ll_addr": "::",
            "mac": "00:22:BD:F8:19:FF",
            "mcast_allow": "no",
            "multi_dst_pkt_act": "bd-flood",
            "name": "test_tf_bd_rel",
            "name_alias": "",
            "optimize_wan_bandwidth": "no",
            "relation_fv_rs_abd_pol_mon_pol": null,
            "relation_fv_rs_bd_flood_to": null,
            "relation_fv_rs_bd_to_ep_ret": null,
            "relation_fv_rs_bd_to_fhs": null,
            "relation_fv_rs_bd_to_nd_p": null,
            "relation_fv_rs_bd_to_netflow_monitor_pol": null,
            "relation_fv_rs_bd_to_out": null,
            "relation_fv_rs_bd_to_profile": null,
            "relation_fv_rs_bd_to_relay_p": null,
            "relation_fv_rs_ctx": null,
            "relation_fv_rs_igmpsn": null,
            "tenant_dn": "uni/tn-tenant_for_epg",
            "type": "regular",
            "unicast_route": "yes",
            "unk_mac_ucast_act": "proxy",
            "unk_mcast_act": "flood",
            "vmac": "not-applicable"
          },
          "depends_on": [
            "aci_tenant.tenant_for_epg"
          ]
        }
      ]
    },
    {
      "mode": "managed",
      "type": "aci_contract",
      "name": "intra_epg_contract",
      "provider": "provider.aci",
      "instances": [
        {
          "schema_version": 1,
          "attributes": {
            "description": "This contract is created by terraform ACI provider",
            "id": "uni/tn-tenant_for_contract/brc-intra_epg_contract",
            "name": "intra_epg_contract",
            "name_alias": "",
            "prio": "unspecified",
            "relation_vz_rs_graph_att": "test3",
            "scope": "context",
            "target_dscp": "VA",
            "tenant_dn": "uni/tn-tenant_for_contract"
          },
          "depends_on": [
            "aci_tenant.tenant_for_contract"
          ]
        }
      ]
    },
    {
      "mode": "managed",
      "type": "aci_contract",
      "name": "rs_cons_contract",
      "provider": "provider.aci",
      "instances": [
        {
          "schema_version": 1,
          "attributes": {
            "description": "This contract is created by terraform ACI provider",
            "id": "uni/tn-tenant_for_contract/brc-rs_cons_contract",
            "name": "rs_cons_contract",
            "name_alias": "",
            "prio": "unspecified",
            "relation_vz_rs_graph_att": "test3",
            "scope": "context",
            "target_dscp": "VA",
            "tenant_dn": "uni/tn-tenant_for_contract"
          },
          "depends_on": [
            "aci_tenant.tenant_for_contract"
          ]
        }
      ]
    },
    {
      "mode": "managed",
      "type": "aci_contract",
      "name": "rs_prov_contract",
      "provider": "provider.aci",
      "instances": [
        {
          "schema_version": 1,
          "attributes": {
            "description": "This contract is created by terraform ACI provider",
            "id": "uni/tn-tenant_for_contract/brc-rs_prov_contract",
            "name": "rs_prov_contract",
            "name_alias": "",
            "prio": "unspecified",
            "relation_vz_rs_graph_att": "test3",
            "scope": "context",
            "target_dscp": "VA",
            "tenant_dn": "uni/tn-tenant_for_contract"
          },
          "depends_on": [
            "aci_tenant.tenant_for_contract"
          ]
        }
      ]
    },
    {
      "mode": "managed",
      "type": "aci_rest",
      "name": "rest_infra_domp",
      "provider": "provider.aci",
      "instances": [
        {
          "schema_version": 1,
          "attributes": {
            "class_name": "fcDomP",
            "content": {
              "name": "test"
            },
            "dn": null,
            "id": "uni/fc-test",
            "path": "api/node/mo/uni/fc-test.json"
          }
        }
      ]
    },
    {
      "mode": "managed",
      "type": "aci_rest",
      "name": "rest_mon_epg_pol",
      "provider": "provider.aci",
      "instances": [
        {
          "schema_version": 1,
          "attributes": {
            "class_name": "monEPGPol",
            "content": {
              "name": "testpol"
            },
            "dn": null,
            "id": "uni/tn-tenant_for_epg/monepg-testpol",
            "path": "api/node/mo/uni/tn-tenant_for_epg/monepg-testpol.json"
          },
          "depends_on": [
            "aci_tenant.tenant_for_epg"
          ]
        }
      ]
    },
    {
      "mode": "managed",
      "type": "aci_rest",
      "name": "rest_qos_custom_pol",
      "provider": "provider.aci",
      "instances": [
        {
          "schema_version": 1,
          "attributes": {
            "class_name": "qosCustomPol",
            "content": {
              "name": "testpol"
            },
            "dn": null,
            "id": "uni/tn-tenant_for_epg/qoscustom-testpol",
            "path": "api/node/mo/uni/tn-tenant_for_epg/qoscustom-testpol.json"
          },
          "depends_on": [
            "aci_tenant.tenant_for_epg"
          ]
        }
      ]
    },
    {
      "mode": "managed",
      "type": "aci_rest",
      "name": "rest_qos_dpp_pol",
      "provider": "provider.aci",
      "instances": [
        {
          "schema_version": 1,
          "attributes": {
            "class_name": "qosDppPol",
            "content": {
              "name": "testqospol"
            },
            "dn": null,
            "id": "uni/tn-tenant_for_epg/qosdpppol-testqospol",
            "path": "api/node/mo/uni/tn-tenant_for_epg/qosdpppol-testqospol.json"
          },
          "depends_on": [
            "aci_tenant.tenant_for_epg"
          ]
        }
      ]
    },
    {
      "mode": "managed",
      "type": "aci_rest",
      "name": "rest_taboo_con",
      "provider": "provider.aci",
      "instances": [
        {
          "schema_version": 1,
          "attributes": {
            "class_name": "vzTaboo",
            "content": {
              "name": "testcon"
            },
            "dn": null,
            "id": "uni/tn-tenant_for_epg/taboo-testcon",
            "path": "api/node/mo/uni/tn-tenant_for_epg/taboo-testcon.json"
          },
          "depends_on": [
            "aci_tenant.tenant_for_epg"
          ]
        }
      ]
    },
    {
      "mode": "managed",
      "type": "aci_rest",
      "name": "rest_trust_ctrl_pol",
      "provider": "provider.aci",
      "instances": [
        {
          "schema_version": 1,
          "attributes": {
            "class_name": "fhsTrustCtrlPol",
            "content": {
              "name": "testtrustpol"
            },
            "dn": null,
            "id": "uni/tn-tenant_for_epg/trustctrlpol-testtrustpol",
            "path": "api/node/mo/uni/tn-tenant_for_epg/trustctrlpol-testtrustpol.json"
          },
          "depends_on": [
            "aci_tenant.tenant_for_epg"
          ]
        }
      ]
    },
    {
      "mode": "managed",
      "type": "aci_rest",
      "name": "rest_vz_cons_if",
      "provider": "provider.aci",
      "instances": [
        {
          "schema_version": 1,
          "attributes": {
            "class_name": "vzCPIf",
            "content": {
              "name": "testcontract"
            },
            "dn": null,
            "id": "uni/tn-tenant_for_epg/cif-testcontract",
            "path": "api/node/mo/uni/tn-tenant_for_epg/cif-testcontract.json"
          },
          "depends_on": [
            "aci_tenant.tenant_for_epg"
          ]
        }
      ]
    },
    {
      "mode": "managed",
      "type": "aci_tenant",
      "name": "tenant_for_contract",
      "provider": "provider.aci",
      "instances": [
        {
          "schema_version": 1,
          "attributes": {
            "description": "This tenant is created by terraform ACI provider",
            "id": "uni/tn-tenant_for_contract",
            "name": "tenant_for_contract",
            "name_alias": "",
            "relation_fv_rs_tenant_mon_pol": null,
            "relation_fv_rs_tn_deny_rule": null
          }
        }
      ]
    },
    {
      "mode": "managed",
      "type": "aci_tenant",
      "name": "tenant_for_epg",
      "provider": "provider.aci",
      "instances": [
        {
          "schema_version": 1,
          "attributes": {
            "description": "This tenant is created by terraform ACI provider",
            "id": "uni/tn-tenant_for_epg",
            "name": "tenant_for_epg",
            "name_alias": "",
            "relation_fv_rs_tenant_mon_pol": null,
            "relation_fv_rs_tn_deny_rule": null
          }
        }
      ]
    }
  ]
}
