{
  "version": 4,
  "terraform_version": "0.11.9",
  "serial": 38,
  "lineage": "a2cb5d47-6d57-3222-2422-62fa1adcd2f7",
  "outputs": {},
  "resources": [
    {
      "mode": "managed",
      "type": "aci_application_epg",
      "name": "demoepg",
      "provider": "provider.aci",
      "instances": [
        {
          "schema_version": 1,
          "attributes": {
            "application_profile_dn": "uni/tn-tenant_for_epg/ap-ap_for_epg",
            "description": "This epg is created by terraform ACI providers",
            "flood_on_encap": "disabled",
            "fwd_ctrl": "",
            "id": "uni/tn-tenant_for_epg/ap-ap_for_epg/epg-tf_test_epg",
            "is_attr_based_e_pg": "no",
            "match_t": "None",
            "name": "tf_test_epg",
            "name_alias": "",
            "pc_enf_pref": "unenforced",
            "pref_gr_memb": "exclude",
            "prio": "unspecified",
            "relation_fv_rs_ae_pg_mon_pol": "aepgmonpol",
            "relation_fv_rs_bd": "testbd_update",
            "relation_fv_rs_cons": [
              "uni/tn-tenant_for_contract/brc-rs_cons_contract"
            ],
            "relation_fv_rs_cons_if": [
              "testconsif"
            ],
            "relation_fv_rs_cust_qos_pol": null,
            "relation_fv_rs_dom_att": [
              "test"
            ],
            "relation_fv_rs_dpp_pol": "testdpppol",
            "relation_fv_rs_fc_path_att": [
              "testfabric"
            ],
            "relation_fv_rs_graph_def": null,
            "relation_fv_rs_intra_epg": [
              "uni/tn-tenant_for_contract/brc-intra_epg_contract"
            ],
            "relation_fv_rs_node_att": [
              "testnodeatt"
            ],
            "relation_fv_rs_path_att": [
              "testpathatt"
            ],
            "relation_fv_rs_prot_by": [
              "testprot"
            ],
            "relation_fv_rs_prov": [
              "uni/tn-tenant_for_contract/brc-rs_prov_contract"
            ],
            "relation_fv_rs_prov_def": null,
            "relation_fv_rs_sec_inherited": [
              "uni/tn-tenant_for_epg/ap-ap_for_epg/epg-inherit_epg"
            ],
            "relation_fv_rs_trust_ctrl": "testtrustctrl"
          },
          "depends_on": [
            "aci_application_epg.inherit_epg",
            "aci_application_profile.app_profile_for_epg",
            "aci_contract.intra_epg_contract",
            "aci_contract.rs_cons_contract",
            "aci_contract.rs_prov_contract"
          ]
        }
      ]
    },
    {
      "mode": "managed",
      "type": "aci_application_epg",
      "name": "inherit_epg",
      "provider": "provider.aci",
      "instances": [
        {
          "schema_version": 1,
          "attributes": {
            "application_profile_dn": "uni/tn-tenant_for_epg/ap-ap_for_epg",
            "description": "epg to create relation sec_inherited",
            "flood_on_encap": "disabled",
            "fwd_ctrl": "",
            "id": "uni/tn-tenant_for_epg/ap-ap_for_epg/epg-inherit_epg",
            "is_attr_based_e_pg": "no",
            "match_t": "AtleastOne",
            "name": "inherit_epg",
            "name_alias": "",
            "pc_enf_pref": "unenforced",
            "pref_gr_memb": "exclude",
            "prio": "unspecified",
            "relation_fv_rs_ae_pg_mon_pol": null,
            "relation_fv_rs_bd": null,
            "relation_fv_rs_cons": null,
            "relation_fv_rs_cons_if": null,
            "relation_fv_rs_cust_qos_pol": null,
            "relation_fv_rs_dom_att": null,
            "relation_fv_rs_dpp_pol": null,
            "relation_fv_rs_fc_path_att": null,
            "relation_fv_rs_graph_def": null,
            "relation_fv_rs_intra_epg": null,
            "relation_fv_rs_node_att": null,
            "relation_fv_rs_path_att": null,
            "relation_fv_rs_prot_by": null,
            "relation_fv_rs_prov": null,
            "relation_fv_rs_prov_def": null,
            "relation_fv_rs_sec_inherited": null,
            "relation_fv_rs_trust_ctrl": null
          },
          "depends_on": [
            "aci_application_profile.app_profile_for_epg"
          ]
        }
      ]
    },
    {
      "mode": "managed",
      "type": "aci_application_profile",
      "name": "app_profile_for_epg",
      "provider": "provider.aci",
      "instances": [
        {
          "schema_version": 1,
          "attributes": {
            "description": "This app profile is created by terraform ACI providers",
            "id": "uni/tn-tenant_for_epg/ap-ap_for_epg",
            "name": "ap_for_epg",
            "name_alias": "",
            "prio": "unspecified",
            "relation_fv_rs_ap_mon_pol": null,
            "tenant_dn": "uni/tn-tenant_for_epg"
          },
          "depends_on": [
            "aci_tenant.tenant_for_epg"
          ]
        }
      ]
    },
    {
      "mode": "managed",
      "type": "aci_contract",
      "name": "intra_epg_contract",
      "provider": "provider.aci",
      "instances": [
        {
          "schema_version": 1,
          "attributes": {
            "description": "This contract is created by terraform ACI provider",
            "id": "uni/tn-tenant_for_contract/brc-intra_epg_contract",
            "name": "intra_epg_contract",
            "name_alias": "",
            "prio": "unspecified",
            "relation_vz_rs_graph_att": "test3",
            "scope": "context",
            "target_dscp": "VA",
            "tenant_dn": "uni/tn-tenant_for_contract"
          },
          "depends_on": [
            "aci_tenant.tenant_for_contract"
          ]
        }
      ]
    },
    {
      "mode": "managed",
      "type": "aci_contract",
      "name": "rs_cons_contract",
      "provider": "provider.aci",
      "instances": [
        {
          "schema_version": 1,
          "attributes": {
            "description": "This contract is created by terraform ACI provider",
            "id": "uni/tn-tenant_for_contract/brc-rs_cons_contract",
            "name": "rs_cons_contract",
            "name_alias": "",
            "prio": "unspecified",
            "relation_vz_rs_graph_att": "test3",
            "scope": "context",
            "target_dscp": "VA",
            "tenant_dn": "uni/tn-tenant_for_contract"
          },
          "depends_on": [
            "aci_tenant.tenant_for_contract"
          ]
        }
      ]
    },
    {
      "mode": "managed",
      "type": "aci_contract",
      "name": "rs_prov_contract",
      "provider": "provider.aci",
      "instances": [
        {
          "schema_version": 1,
          "attributes": {
            "description": "This contract is created by terraform ACI provider",
            "id": "uni/tn-tenant_for_contract/brc-rs_prov_contract",
            "name": "rs_prov_contract",
            "name_alias": "",
            "prio": "unspecified",
            "relation_vz_rs_graph_att": "test3",
            "scope": "context",
            "target_dscp": "VA",
            "tenant_dn": "uni/tn-tenant_for_contract"
          },
          "depends_on": [
            "aci_tenant.tenant_for_contract"
          ]
        }
      ]
    },
    {
      "mode": "managed",
      "type": "aci_tenant",
      "name": "tenant_for_contract",
      "provider": "provider.aci",
      "instances": [
        {
          "schema_version": 1,
          "attributes": {
            "description": "This tenant is created by terraform ACI provider",
            "id": "uni/tn-tenant_for_contract",
            "name": "tenant_for_contract",
            "name_alias": "",
            "relation_fv_rs_tenant_mon_pol": null,
            "relation_fv_rs_tn_deny_rule": null
          }
        }
      ]
    },
    {
      "mode": "managed",
      "type": "aci_tenant",
      "name": "tenant_for_epg",
      "provider": "provider.aci",
      "instances": [
        {
          "schema_version": 1,
          "attributes": {
            "description": "This tenant is created by terraform ACI provider",
            "id": "uni/tn-tenant_for_epg",
            "name": "tenant_for_epg",
            "name_alias": "",
            "relation_fv_rs_tenant_mon_pol": null,
            "relation_fv_rs_tn_deny_rule": null
          }
        }
      ]
    }
  ]
}
