{
    "version": 3,
    "terraform_version": "0.11.9",
    "serial": 14,
    "lineage": "c0199584-2cc9-86bb-3be3-4025c2045516",
    "modules": [
        {
            "path": [
                "root"
            ],
            "outputs": {},
            "resources": {
                "aci_contract.democontract": {
                    "type": "aci_contract",
                    "depends_on": [
                        "aci_tenant.tenant_for_contract"
                    ],
                    "primary": {
                        "id": "uni/tn-tenant_for_contract/brc-test_tf_contract",
                        "attributes": {
                            "description": "This contract is created by terraform ACI provider",
                            "id": "uni/tn-tenant_for_contract/brc-test_tf_contract",
                            "name": "test_tf_contract",
                            "name_alias": "",
                            "prio": "unspecified",
                            "relation_vz_rs_graph_att": "test3",
                            "scope": "context",
                            "target_dscp": "VA",
                            "tenant_dn": "uni/tn-tenant_for_contract"
                        },
                        "meta": {
                            "schema_version": "1"
                        },
                        "tainted": false
                    },
                    "deposed": [],
                    "provider": "provider.aci"
                },
                "aci_tenant.tenant_for_contract": {
                    "type": "aci_tenant",
                    "depends_on": [],
                    "primary": {
                        "id": "uni/tn-tenant_for_contract",
                        "attributes": {
                            "description": "This tenant is created by terraform ACI provider",
                            "id": "uni/tn-tenant_for_contract",
                            "name": "tenant_for_contract",
                            "name_alias": ""
                        },
                        "meta": {
                            "schema_version": "1"
                        },
                        "tainted": false
                    },
                    "deposed": [],
                    "provider": "provider.aci"
                }
            },
            "depends_on": []
        }
    ]
}
