{
  "version": 4,
  "terraform_version": "0.11.9",
  "serial": 18,
  "lineage": "c0199584-2cc9-86bb-3be3-4025c2045516",
  "outputs": {},
  "resources": [
    {
      "mode": "managed",
      "type": "aci_contract",
      "name": "democontract",
      "provider": "provider.aci",
      "instances": [
        {
          "schema_version": 1,
          "attributes": {
            "description": "This contract is created by terraform ACI provider",
            "id": "uni/tn-tenant_for_contract/brc-test_tf_contract",
            "name": "test_tf_contract",
            "name_alias": "",
            "prio": "unspecified",
            "relation_vz_rs_graph_att": "uni/tn-tenant_for_contract/AbsGraph-testgraph",
            "scope": "context",
            "target_dscp": "VA",
            "tenant_dn": "uni/tn-tenant_for_contract"
          },
          "depends_on": [
            "aci_rest.rest_abs_graph",
            "aci_tenant.tenant_for_contract"
          ]
        }
      ]
    },
    {
      "mode": "managed",
      "type": "aci_rest",
      "name": "rest_abs_graph",
      "provider": "provider.aci",
      "instances": [
        {
          "schema_version": 1,
          "attributes": {
            "class_name": "vnsAbsGraph",
            "content": {
              "name": "testgraph"
            },
            "dn": null,
            "id": "uni/tn-tenant_for_contract/AbsGraph-testgraph",
            "path": "api/node/mo/uni/tn-tenant_for_contract/AbsGraph-testgraph.json"
          },
          "depends_on": [
            "aci_tenant.tenant_for_contract"
          ]
        }
      ]
    },
    {
      "mode": "managed",
      "type": "aci_tenant",
      "name": "tenant_for_contract",
      "provider": "provider.aci",
      "instances": [
        {
          "schema_version": 1,
          "attributes": {
            "description": "This tenant is created by terraform ACI provider",
            "id": "uni/tn-tenant_for_contract",
            "name": "tenant_for_contract",
            "name_alias": "",
            "relation_fv_rs_tenant_mon_pol": null,
            "relation_fv_rs_tn_deny_rule": null
          }
        }
      ]
    }
  ]
}
