{
    "version": 3,
    "terraform_version": "0.11.9",
    "serial": 10,
    "lineage": "430936ec-e210-dee5-3186-79267a1c07dc",
    "modules": [
        {
            "path": [
                "root"
            ],
            "outputs": {},
            "resources": {
                "aci_filter.filter_for_entry": {
                    "type": "aci_filter",
                    "depends_on": [
                        "aci_tenant.tenant_for_entry"
                    ],
                    "primary": {
                        "id": "uni/tn-tenant_for_entry/flt-filter_for_entry",
                        "attributes": {
                            "description": "This filter is created by terraform ACI provider.",
                            "id": "uni/tn-tenant_for_entry/flt-filter_for_entry",
                            "name": "filter_for_entry",
                            "name_alias": "",
                            "tenant_dn": "uni/tn-tenant_for_entry"
                        },
                        "meta": {
                            "schema_version": "1"
                        },
                        "tainted": false
                    },
                    "deposed": [],
                    "provider": "provider.aci"
                },
                "aci_filter_entry.demoentry": {
                    "type": "aci_filter_entry",
                    "depends_on": [
                        "aci_filter.filter_for_entry"
                    ],
                    "primary": {
                        "id": "uni/tn-tenant_for_entry/flt-filter_for_entry/e-test_tf_entry",
                        "attributes": {
                            "apply_to_frag": "no",
                            "arp_opc": "unspecified",
                            "d_from_port": "unspecified",
                            "d_to_port": "unspecified",
                            "description": "This entry is created by terraform ACI provider",
                            "ether_t": "ip",
                            "filter_dn": "uni/tn-tenant_for_entry/flt-filter_for_entry",
                            "icmpv4_t": "unspecified",
                            "icmpv6_t": "unspecified",
                            "id": "uni/tn-tenant_for_entry/flt-filter_for_entry/e-test_tf_entry",
                            "match_dscp": "AF11",
                            "name": "test_tf_entry",
                            "name_alias": "",
                            "prot": "tcp",
                            "s_from_port": "unspecified",
                            "s_to_port": "unspecified",
                            "stateful": "no",
                            "tcp_rules": "ack"
                        },
                        "meta": {
                            "schema_version": "1"
                        },
                        "tainted": false
                    },
                    "deposed": [],
                    "provider": "provider.aci"
                },
                "aci_tenant.tenant_for_entry": {
                    "type": "aci_tenant",
                    "depends_on": [],
                    "primary": {
                        "id": "uni/tn-tenant_for_entry",
                        "attributes": {
                            "description": "This tenant is created by terraform ACI provider",
                            "id": "uni/tn-tenant_for_entry",
                            "name": "tenant_for_entry",
                            "name_alias": ""
                        },
                        "meta": {
                            "schema_version": "1"
                        },
                        "tainted": false
                    },
                    "deposed": [],
                    "provider": "provider.aci"
                }
            },
            "depends_on": []
        }
    ]
}
