{
    "version": 3,
    "terraform_version": "0.11.8",
    "serial": 9,
    "lineage": "cf64854d-3ce9-ba4a-ed56-b4e966199781",
    "modules": [
        {
            "path": [
                "root"
            ],
            "outputs": {},
            "resources": {
                "aci_tenant.demotenant": {
                    "type": "aci_tenant",
                    "depends_on": [],
                    "primary": {
                        "id": "uni/tn-tf_test_tenant",
                        "attributes": {
                            "annotation": "{}",
                            "description": "This tenant is created by terraform",
                            "id": "uni/tn-tf_test_tenant",
                            "name": "tf_test_tenant",
                            "name_alias": ""
                        },
                        "meta": {
                            "schema_version": "1"
                        },
                        "tainted": false
                    },
                    "deposed": [],
                    "provider": "provider.aci"
                }
            },
            "depends_on": []
        }
    ]
}
