{
  "version": 4,
  "terraform_version": "0.11.9",
  "serial": 41,
  "lineage": "0c3eb325-209d-be29-f899-87890e7af849",
  "outputs": {},
  "resources": [
    {
      "mode": "managed",
      "type": "aci_filter",
      "name": "deny_rule_filter1",
      "provider": "provider.aci",
      "instances": [
        {
          "schema_version": 1,
          "attributes": {
            "description": "This filter is created by terraform ACI provider.",
            "id": "uni/tn-tenant_for_filter/flt-test_tf_filter",
            "name": "test_tf_filter",
            "name_alias": "",
            "relation_vz_rs_filt_graph_att": null,
            "relation_vz_rs_fwd_r_flt_p_att": null,
            "relation_vz_rs_rev_r_flt_p_att": null,
            "tenant_dn": "uni/tn-tenant_for_filter"
          },
          "depends_on": [
            "aci_tenant.tenant_for_filter"
          ]
        }
      ]
    },
    {
      "mode": "managed",
      "type": "aci_filter",
      "name": "deny_rule_filter2",
      "provider": "provider.aci",
      "instances": [
        {
          "schema_version": 1,
          "attributes": {
            "description": "This filter is created by terraform ACI provider.",
            "id": "uni/tn-tenant_for_filter/flt-test_tf_filter2",
            "name": "test_tf_filter2",
            "name_alias": "",
            "relation_vz_rs_filt_graph_att": null,
            "relation_vz_rs_fwd_r_flt_p_att": null,
            "relation_vz_rs_rev_r_flt_p_att": null,
            "tenant_dn": "uni/tn-tenant_for_filter"
          },
          "depends_on": [
            "aci_tenant.tenant_for_filter"
          ]
        }
      ]
    },
    {
      "mode": "managed",
      "type": "aci_tenant",
      "name": "demotenant",
      "provider": "provider.aci",
      "instances": [
        {
          "schema_version": 1,
          "attributes": {
            "description": "This tenant is created by terraform",
            "id": "uni/tn-tf_test_tenant",
            "name": "tf_test_tenant",
            "name_alias": "",
            "relation_fv_rs_tenant_mon_pol": null,
            "relation_fv_rs_tn_deny_rule": [
              "uni/tn-tenant_for_filter/flt-test_tf_filter",
              "uni/tn-tenant_for_filter/flt-test_tf_filter2"
            ]
          },
          "depends_on": [
            "aci_filter.deny_rule_filter1",
            "aci_filter.deny_rule_filter2"
          ]
        }
      ]
    },
    {
      "mode": "managed",
      "type": "aci_tenant",
      "name": "tenant_for_filter",
      "provider": "provider.aci",
      "instances": [
        {
          "schema_version": 1,
          "attributes": {
            "description": "This tenant is created by terraform ACI provider",
            "id": "uni/tn-tenant_for_filter",
            "name": "tenant_for_filter",
            "name_alias": "",
            "relation_fv_rs_tenant_mon_pol": null,
            "relation_fv_rs_tn_deny_rule": null
          }
        }
      ]
    }
  ]
}
