{
    "version": 3,
    "terraform_version": "0.11.9",
    "serial": 34,
    "lineage": "0c3eb325-209d-be29-f899-87890e7af849",
    "modules": [
        {
            "path": [
                "root"
            ],
            "outputs": {},
            "resources": {
                "aci_tenant.demotenant": {
                    "type": "aci_tenant",
                    "depends_on": [],
                    "primary": {
                        "id": "uni/tn-tf_test_tenant",
                        "attributes": {
                            "description": "This tenant is created by terraform",
                            "id": "uni/tn-tf_test_tenant",
                            "name": "tf_test_tenant",
                            "name_alias": "",
                            "relation_fv_rs_tn_deny_rule.#": "2",
                            "relation_fv_rs_tn_deny_rule.1984652576": "uni/tn-1/flt-test_update2",
                            "relation_fv_rs_tn_deny_rule.2555297876": "uni/tn-1/flt-test_update"
                        },
                        "meta": {
                            "schema_version": "1"
                        },
                        "tainted": false
                    },
                    "deposed": [],
                    "provider": "provider.aci"
                }
            },
            "depends_on": []
        }
    ]
}
