{
    "version": 3,
    "terraform_version": "0.11.9",
    "serial": 6,
    "lineage": "0c3eb325-209d-be29-f899-87890e7af849",
    "modules": [
        {
            "path": [
                "root"
            ],
            "outputs": {},
            "resources": {
                "aci_tenant.demotenant": {
                    "type": "aci_tenant",
                    "depends_on": [],
                    "primary": {
                        "id": "uni/tn-tf_test_tenant",
                        "attributes": {
                            "description": "This tenant is created by terraform",
                            "id": "uni/tn-tf_test_tenant",
                            "name": "tf_test_tenant",
                            "name_alias": "",
                            "relation_to_vz_filter.#": "1",
                            "relation_to_vz_filter.1609375440": "uni/tn-1/flt-1"
                        },
                        "meta": {
                            "schema_version": "1"
                        },
                        "tainted": false
                    },
                    "deposed": [],
                    "provider": "provider.aci"
                }
            },
            "depends_on": []
        }
    ]
}
