{
    "version": 3,
    "terraform_version": "0.11.9",
    "serial": 14,
    "lineage": "7174e434-4bb4-f0ae-fbfd-0c59f2f5ebb7",
    "modules": [
        {
            "path": [
                "root"
            ],
            "outputs": {},
            "resources": {
                "aci_application_profile.demo_app_profile": {
                    "type": "aci_application_profile",
                    "depends_on": [
                        "aci_tenant.tenant_for_ap"
                    ],
                    "primary": {
                        "id": "uni/tn-tenant_for_ap/ap-test_tf_ap",
                        "attributes": {
                            "description": "This app profile is created by terraform ACI provider",
                            "id": "uni/tn-tenant_for_ap/ap-test_tf_ap",
                            "name": "test_tf_ap",
                            "name_alias": "",
                            "prio": "unspecified",
                            "relation_fv_rs_ap_mon_pol": "test1mon",
                            "tenant_dn": "uni/tn-tenant_for_ap"
                        },
                        "meta": {
                            "schema_version": "1"
                        },
                        "tainted": false
                    },
                    "deposed": [],
                    "provider": "provider.aci"
                },
                "aci_tenant.tenant_for_ap": {
                    "type": "aci_tenant",
                    "depends_on": [],
                    "primary": {
                        "id": "uni/tn-tenant_for_ap",
                        "attributes": {
                            "description": "This tenant is created by terraform ACI provider",
                            "id": "uni/tn-tenant_for_ap",
                            "name": "tenant_for_ap",
                            "name_alias": ""
                        },
                        "meta": {
                            "schema_version": "1"
                        },
                        "tainted": false
                    },
                    "deposed": [],
                    "provider": "provider.aci"
                }
            },
            "depends_on": []
        }
    ]
}
