{
  "version": 4,
  "terraform_version": "0.11.9",
  "serial": 18,
  "lineage": "7174e434-4bb4-f0ae-fbfd-0c59f2f5ebb7",
  "outputs": {},
  "resources": [
    {
      "mode": "managed",
      "type": "aci_application_profile",
      "name": "demo_app_profile",
      "provider": "provider.aci",
      "instances": [
        {
          "schema_version": 1,
          "attributes": {
            "description": "This app profile is created by terraform ACI provider",
            "id": "uni/tn-tenant_for_ap/ap-test_tf_ap",
            "name": "test_tf_ap",
            "name_alias": "",
            "prio": "unspecified",
            "relation_fv_rs_ap_mon_pol": "test1mon",
            "tenant_dn": "uni/tn-tenant_for_ap"
          },
          "depends_on": [
            "aci_tenant.tenant_for_ap"
          ]
        }
      ]
    },
    {
      "mode": "managed",
      "type": "aci_tenant",
      "name": "tenant_for_ap",
      "provider": "provider.aci",
      "instances": [
        {
          "schema_version": 1,
          "attributes": {
            "description": "This tenant is created by terraform ACI provider",
            "id": "uni/tn-tenant_for_ap",
            "name": "tenant_for_ap",
            "name_alias": "",
            "relation_fv_rs_tenant_mon_pol": null,
            "relation_fv_rs_tn_deny_rule": null
          }
        }
      ]
    }
  ]
}
