{
    "version": 3,
    "terraform_version": "0.11.7",
    "serial": 2,
    "lineage": "da717216-3949-656b-d454-4c886705d4f2",
    "modules": [
        {
            "path": [
                "root"
            ],
            "outputs": {},
            "resources": {
                "aci_bridge_domain.demobd": {
                    "type": "aci_bridge_domain",
                    "depends_on": [
                        "aci_tenant.tenant_for_bridge_domain"
                    ],
                    "primary": {
                        "id": "uni/tn-tenant_for_bd/BD-test_tf_bd",
                        "attributes": {
                            "annotation": "{}",
                            "arp_flood": "no",
                            "description": "This bridge domain is created by terraform ACI provider",
                            "ep_clear": "no",
                            "ep_move_detect_mode": "",
                            "fv_tenant_dn": "uni/tn-tenant_for_bd",
                            "host_based_routing": "{}",
                            "id": "uni/tn-tenant_for_bd/BD-test_tf_bd",
                            "intersite_bum_traffic_allow": "no",
                            "intersite_l2_stretch": "no",
                            "ip_learning": "yes",
                            "limit_ip_learn_to_subnets": "yes",
                            "ll_addr": "::",
                            "mac": "00:22:BD:F8:19:FF",
                            "mcast_allow": "no",
                            "multi_dst_pkt_act": "bd-flood",
                            "name": "test_tf_bd",
                            "name_alias": "",
                            "optimize_wan_bandwidth": "no",
                            "type": "regular",
                            "unicast_route": "yes",
                            "unk_mac_ucast_act": "proxy",
                            "unk_mcast_act": "flood",
                            "vmac": "not-applicable"
                        },
                        "meta": {
                            "schema_version": "1"
                        },
                        "tainted": false
                    },
                    "deposed": [],
                    "provider": "provider.aci"
                },
                "aci_tenant.tenant_for_bridge_domain": {
                    "type": "aci_tenant",
                    "depends_on": [],
                    "primary": {
                        "id": "uni/tn-tenant_for_bd",
                        "attributes": {
                            "annotation": "{}",
                            "description": "This tenant is created by terraform ACI provider",
                            "id": "uni/tn-tenant_for_bd",
                            "name": "tenant_for_bd",
                            "name_alias": ""
                        },
                        "meta": {
                            "schema_version": "1"
                        },
                        "tainted": false
                    },
                    "deposed": [],
                    "provider": "provider.aci"
                }
            },
            "depends_on": []
        }
    ]
}
