{
  "version": 4,
  "terraform_version": "0.11.9",
  "serial": 23,
  "lineage": "da717216-3949-656b-d454-4c886705d4f2",
  "outputs": {},
  "resources": [
    {
      "mode": "managed",
      "type": "aci_bridge_domain",
      "name": "demobd",
      "provider": "provider.aci",
      "instances": [
        {
          "schema_version": 1,
          "attributes": {
            "arp_flood": "no",
            "description": "This bridge domain is created by terraform ACI provider",
            "ep_clear": "no",
            "ep_move_detect_mode": "garp",
            "id": "uni/tn-tenant_for_bd/BD-test_tf_bd",
            "intersite_bum_traffic_allow": "yes",
            "intersite_l2_stretch": "yes",
            "ip_learning": "yes",
            "limit_ip_learn_to_subnets": "yes",
            "ll_addr": "::",
            "mac": "00:22:BD:F8:19:FF",
            "mcast_allow": "yes",
            "multi_dst_pkt_act": "bd-flood",
            "name": "test_tf_bd",
            "name_alias": "",
            "optimize_wan_bandwidth": "no",
            "relation_fv_rs_abd_pol_mon_pol": "testabdpol",
            "relation_fv_rs_bd_flood_to": [
              "uni/tn-tenant_for_filter/flt-test_tf_filter"
            ],
            "relation_fv_rs_bd_to_ep_ret": null,
            "relation_fv_rs_bd_to_fhs": "testfhs",
            "relation_fv_rs_bd_to_nd_p": null,
            "relation_fv_rs_bd_to_netflow_monitor_pol": [
              {
                "flt_type": "ipv4",
                "tn_netflow_monitor_pol_name": "testmonpolname"
              }
            ],
            "relation_fv_rs_bd_to_out": [
              "testbdout"
            ],
            "relation_fv_rs_bd_to_profile": "testprofile",
            "relation_fv_rs_bd_to_relay_p": "testrelay",
            "relation_fv_rs_ctx": null,
            "relation_fv_rs_igmpsn": null,
            "tenant_dn": "uni/tn-tenant_for_bd",
            "type": "regular",
            "unicast_route": "no",
            "unk_mac_ucast_act": "flood",
            "unk_mcast_act": "flood",
            "vmac": "not-applicable"
          },
          "depends_on": [
            "aci_filter.demofilter",
            "aci_tenant.tenant_for_bridge_domain"
          ]
        }
      ]
    },
    {
      "mode": "managed",
      "type": "aci_filter",
      "name": "demofilter",
      "provider": "provider.aci",
      "instances": [
        {
          "schema_version": 1,
          "attributes": {
            "description": "This filter is created by terraform ACI provider.",
            "id": "uni/tn-tenant_for_filter/flt-test_tf_filter",
            "name": "test_tf_filter",
            "name_alias": "",
            "relation_vz_rs_filt_graph_att": null,
            "relation_vz_rs_fwd_r_flt_p_att": null,
            "relation_vz_rs_rev_r_flt_p_att": null,
            "tenant_dn": "uni/tn-tenant_for_filter"
          },
          "depends_on": [
            "aci_tenant.tenant_for_filter"
          ]
        }
      ]
    },
    {
      "mode": "managed",
      "type": "aci_tenant",
      "name": "tenant_for_bridge_domain",
      "provider": "provider.aci",
      "instances": [
        {
          "schema_version": 1,
          "attributes": {
            "description": "This tenant is created by terraform ACI provider",
            "id": "uni/tn-tenant_for_bd",
            "name": "tenant_for_bd",
            "name_alias": "",
            "relation_fv_rs_tenant_mon_pol": null,
            "relation_fv_rs_tn_deny_rule": null
          }
        }
      ]
    },
    {
      "mode": "managed",
      "type": "aci_tenant",
      "name": "tenant_for_filter",
      "provider": "provider.aci",
      "instances": [
        {
          "schema_version": 1,
          "attributes": {
            "description": "This tenant is created by terraform ACI provider",
            "id": "uni/tn-tenant_for_filter",
            "name": "tenant_for_filter",
            "name_alias": "",
            "relation_fv_rs_tenant_mon_pol": null,
            "relation_fv_rs_tn_deny_rule": null
          }
        }
      ]
    }
  ]
}
