{
    "version": 3,
    "terraform_version": "0.11.9",
    "serial": 16,
    "lineage": "da717216-3949-656b-d454-4c886705d4f2",
    "modules": [
        {
            "path": [
                "root"
            ],
            "outputs": {},
            "resources": {
                "aci_bridge_domain.demobd": {
                    "type": "aci_bridge_domain",
                    "depends_on": [
                        "aci_tenant.tenant_for_bridge_domain"
                    ],
                    "primary": {
                        "id": "uni/tn-tenant_for_bd/BD-test_tf_bd",
                        "attributes": {
                            "arp_flood": "no",
                            "description": "This bridge domain is created by terraform ACI provider",
                            "ep_clear": "no",
                            "ep_move_detect_mode": "garp",
                            "id": "uni/tn-tenant_for_bd/BD-test_tf_bd",
                            "intersite_bum_traffic_allow": "yes",
                            "intersite_l2_stretch": "yes",
                            "ip_learning": "yes",
                            "limit_ip_learn_to_subnets": "yes",
                            "ll_addr": "::",
                            "mac": "00:22:BD:F8:19:FF",
                            "mcast_allow": "yes",
                            "multi_dst_pkt_act": "bd-flood",
                            "name": "test_tf_bd",
                            "name_alias": "",
                            "optimize_wan_bandwidth": "no",
                            "relation_fv_rs_abd_pol_mon_pol": "testabdpol",
                            "relation_fv_rs_bd_flood_to.#": "1",
                            "relation_fv_rs_bd_flood_to.2555297876": "uni/tn-1/flt-test_update",
                            "relation_fv_rs_bd_to_fhs": "testfhs",
                            "relation_fv_rs_bd_to_netflow_monitor_pol.#": "1",
                            "relation_fv_rs_bd_to_netflow_monitor_pol.1406852413.flt_type": "ipv4",
                            "relation_fv_rs_bd_to_netflow_monitor_pol.1406852413.tn_netflow_monitor_pol_name": "testmonpolname",
                            "relation_fv_rs_bd_to_out.#": "1",
                            "relation_fv_rs_bd_to_out.2405653819": "testbdout",
                            "relation_fv_rs_bd_to_profile": "testprofile",
                            "relation_fv_rs_bd_to_relay_p": "testrelay",
                            "tenant_dn": "uni/tn-tenant_for_bd",
                            "type": "regular",
                            "unicast_route": "no",
                            "unk_mac_ucast_act": "flood",
                            "unk_mcast_act": "flood",
                            "vmac": "not-applicable"
                        },
                        "meta": {
                            "schema_version": "1"
                        },
                        "tainted": false
                    },
                    "deposed": [],
                    "provider": "provider.aci"
                },
                "aci_tenant.tenant_for_bridge_domain": {
                    "type": "aci_tenant",
                    "depends_on": [],
                    "primary": {
                        "id": "uni/tn-tenant_for_bd",
                        "attributes": {
                            "description": "This tenant is created by terraform ACI provider",
                            "id": "uni/tn-tenant_for_bd",
                            "name": "tenant_for_bd",
                            "name_alias": ""
                        },
                        "meta": {
                            "schema_version": "1"
                        },
                        "tainted": false
                    },
                    "deposed": [],
                    "provider": "provider.aci"
                }
            },
            "depends_on": []
        }
    ]
}
