{
    "version": 3,
    "terraform_version": "0.11.9",
    "serial": 15,
    "lineage": "e40d7112-f22e-752b-feee-86edc745a063",
    "modules": [
        {
            "path": [
                "root"
            ],
            "outputs": {},
            "resources": {
                "aci_bridge_domain.bd_for_subnet": {
                    "type": "aci_bridge_domain",
                    "depends_on": [
                        "aci_tenant.tenant_for_subnet"
                    ],
                    "primary": {
                        "id": "uni/tn-tenant_for_subnet/BD-bd_for_subnet",
                        "attributes": {
                            "arp_flood": "no",
                            "description": "This bridge domain is created by terraform ACI provider",
                            "ep_clear": "no",
                            "ep_move_detect_mode": "",
                            "id": "uni/tn-tenant_for_subnet/BD-bd_for_subnet",
                            "intersite_bum_traffic_allow": "no",
                            "intersite_l2_stretch": "no",
                            "ip_learning": "yes",
                            "limit_ip_learn_to_subnets": "yes",
                            "ll_addr": "::",
                            "mac": "00:22:BD:F8:19:FF",
                            "mcast_allow": "no",
                            "multi_dst_pkt_act": "bd-flood",
                            "name": "bd_for_subnet",
                            "name_alias": "",
                            "optimize_wan_bandwidth": "no",
                            "tenant_dn": "uni/tn-tenant_for_subnet",
                            "type": "regular",
                            "unicast_route": "yes",
                            "unk_mac_ucast_act": "proxy",
                            "unk_mcast_act": "flood",
                            "vmac": "not-applicable"
                        },
                        "meta": {
                            "schema_version": "1"
                        },
                        "tainted": false
                    },
                    "deposed": [],
                    "provider": "provider.aci"
                },
                "aci_subnet.demosubnet": {
                    "type": "aci_subnet",
                    "depends_on": [
                        "aci_bridge_domain.bd_for_subnet"
                    ],
                    "primary": {
                        "id": "uni/tn-tenant_for_subnet/BD-bd_for_subnet/subnet-[10.0.3.28/27]",
                        "attributes": {
                            "bridge_domain_dn": "uni/tn-tenant_for_subnet/BD-bd_for_subnet",
                            "ctrl": "",
                            "description": "This subject is created by terraform",
                            "id": "uni/tn-tenant_for_subnet/BD-bd_for_subnet/subnet-[10.0.3.28/27]",
                            "ip": "10.0.3.28/27",
                            "name": "10.0.3.28/27",
                            "name_alias": "",
                            "preferred": "no",
                            "relation_fv_rs_bd_subnet_to_out.#": "1",
                            "relation_fv_rs_bd_subnet_to_out.3082991640": "testtoout",
                            "relation_fv_rs_bd_subnet_to_profile": "testprofle",
                            "relation_fv_rs_nd_pfx_pol": "testpxfpol",
                            "scope": "private",
                            "virtual": "yes"
                        },
                        "meta": {
                            "schema_version": "1"
                        },
                        "tainted": false
                    },
                    "deposed": [],
                    "provider": "provider.aci"
                },
                "aci_tenant.tenant_for_subnet": {
                    "type": "aci_tenant",
                    "depends_on": [],
                    "primary": {
                        "id": "uni/tn-tenant_for_subnet",
                        "attributes": {
                            "description": "This tenant is created by terraform ACI provider",
                            "id": "uni/tn-tenant_for_subnet",
                            "name": "tenant_for_subnet",
                            "name_alias": ""
                        },
                        "meta": {
                            "schema_version": "1"
                        },
                        "tainted": false
                    },
                    "deposed": [],
                    "provider": "provider.aci"
                }
            },
            "depends_on": []
        }
    ]
}
