{
  "version": 4,
  "terraform_version": "0.11.9",
  "serial": 22,
  "lineage": "e40d7112-f22e-752b-feee-86edc745a063",
  "outputs": {},
  "resources": [
    {
      "mode": "managed",
      "type": "aci_bridge_domain",
      "name": "bd_for_subnet",
      "provider": "provider.aci",
      "instances": [
        {
          "schema_version": 1,
          "attributes": {
            "arp_flood": "no",
            "description": "This bridge domain is created by terraform ACI provider",
            "ep_clear": "no",
            "ep_move_detect_mode": "",
            "id": "uni/tn-tenant_for_subnet/BD-bd_for_subnet",
            "intersite_bum_traffic_allow": "no",
            "intersite_l2_stretch": "no",
            "ip_learning": "yes",
            "limit_ip_learn_to_subnets": "yes",
            "ll_addr": "::",
            "mac": "00:22:BD:F8:19:FF",
            "mcast_allow": "no",
            "multi_dst_pkt_act": "bd-flood",
            "name": "bd_for_subnet",
            "name_alias": "",
            "optimize_wan_bandwidth": "no",
            "relation_fv_rs_abd_pol_mon_pol": null,
            "relation_fv_rs_bd_flood_to": null,
            "relation_fv_rs_bd_to_ep_ret": null,
            "relation_fv_rs_bd_to_fhs": null,
            "relation_fv_rs_bd_to_nd_p": null,
            "relation_fv_rs_bd_to_netflow_monitor_pol": null,
            "relation_fv_rs_bd_to_out": null,
            "relation_fv_rs_bd_to_profile": null,
            "relation_fv_rs_bd_to_relay_p": null,
            "relation_fv_rs_ctx": null,
            "relation_fv_rs_igmpsn": null,
            "tenant_dn": "uni/tn-tenant_for_subnet",
            "type": "regular",
            "unicast_route": "yes",
            "unk_mac_ucast_act": "proxy",
            "unk_mcast_act": "flood",
            "vmac": "not-applicable"
          },
          "depends_on": [
            "aci_tenant.tenant_for_subnet"
          ]
        }
      ]
    },
    {
      "mode": "managed",
      "type": "aci_rest",
      "name": "rest_l3_ext_out",
      "provider": "provider.aci",
      "instances": [
        {
          "schema_version": 1,
          "attributes": {
            "class_name": "l3extOut",
            "content": {
              "name": "testext"
            },
            "dn": null,
            "id": "uni/tn-tenant_for_subnet/out-testext",
            "path": "api/node/mo/uni/tn-tenant_for_subnet/out-testext.json"
          },
          "depends_on": [
            "aci_tenant.tenant_for_subnet"
          ]
        }
      ]
    },
    {
      "mode": "managed",
      "type": "aci_rest",
      "name": "rest_nd_pfx_pol",
      "provider": "provider.aci",
      "instances": [
        {
          "schema_version": 1,
          "attributes": {
            "class_name": "ndPfxPol",
            "content": {
              "name": "testpol"
            },
            "dn": null,
            "id": "uni/tn-tenant_for_subnet/ndpfxpol-testpol",
            "path": "api/node/mo/uni/tn-tenant_for_subnet/ndpfxpol-testpol.json"
          },
          "depends_on": [
            "aci_tenant.tenant_for_subnet"
          ]
        }
      ]
    },
    {
      "mode": "managed",
      "type": "aci_rest",
      "name": "rest_rt_ctrl_profile",
      "provider": "provider.aci",
      "instances": [
        {
          "schema_version": 1,
          "attributes": {
            "class_name": "rtctrlProfile",
            "content": {
              "name": "testprof"
            },
            "dn": null,
            "id": "uni/tn-tenant_for_subnet/out-testext/prof-testprof",
            "path": "api/node/mo/uni/tn-tenant_for_subnet/out-testext/prof-testprof.json"
          },
          "depends_on": [
            "aci_rest.rest_l3_ext_out"
          ]
        }
      ]
    },
    {
      "mode": "managed",
      "type": "aci_subnet",
      "name": "demosubnet",
      "provider": "provider.aci",
      "instances": [
        {
          "schema_version": 1,
          "attributes": {
            "bridge_domain_dn": "uni/tn-tenant_for_subnet/BD-bd_for_subnet",
            "ctrl": "",
            "description": "This subject is created by terraform",
            "id": "uni/tn-tenant_for_subnet/BD-bd_for_subnet/subnet-[10.0.3.28/27]",
            "ip": "10.0.3.28/27",
            "name": "10.0.3.28/27",
            "name_alias": "",
            "preferred": "no",
            "relation_fv_rs_bd_subnet_to_out": [
              "uni/tn-tenant_for_subnet/out-testext"
            ],
            "relation_fv_rs_bd_subnet_to_profile": "uni/tn-tenant_for_subnet/out-testext/prof-testprof",
            "relation_fv_rs_nd_pfx_pol": "uni/tn-tenant_for_subnet/ndpfxpol-testpol",
            "scope": "private,shared",
            "virtual": "yes"
          },
          "depends_on": [
            "aci_bridge_domain.bd_for_subnet",
            "aci_rest.rest_l3_ext_out",
            "aci_rest.rest_nd_pfx_pol",
            "aci_rest.rest_rt_ctrl_profile"
          ]
        }
      ]
    },
    {
      "mode": "managed",
      "type": "aci_tenant",
      "name": "tenant_for_subnet",
      "provider": "provider.aci",
      "instances": [
        {
          "schema_version": 1,
          "attributes": {
            "description": "This tenant is created by terraform ACI provider",
            "id": "uni/tn-tenant_for_subnet",
            "name": "tenant_for_subnet",
            "name_alias": "",
            "relation_fv_rs_tenant_mon_pol": null,
            "relation_fv_rs_tn_deny_rule": null
          }
        }
      ]
    }
  ]
}
