{
    "version": 3,
    "terraform_version": "0.11.9",
    "serial": 7,
    "lineage": "dac11b11-920b-c299-2545-52301a0e6ca8",
    "modules": [
        {
            "path": [
                "root"
            ],
            "outputs": {},
            "resources": {
                "aci_contract.contract_for_subject": {
                    "type": "aci_contract",
                    "depends_on": [
                        "aci_tenant.tenant_for_subject"
                    ],
                    "primary": {
                        "id": "uni/tn-tenant_for_subject/brc-contract_for_subject",
                        "attributes": {
                            "description": "This contract is created by terraform ACI provider",
                            "id": "uni/tn-tenant_for_subject/brc-contract_for_subject",
                            "name": "contract_for_subject",
                            "name_alias": "",
                            "prio": "unspecified",
                            "scope": "context",
                            "target_dscp": "VA",
                            "tenant_dn": "uni/tn-tenant_for_subject"
                        },
                        "meta": {
                            "schema_version": "1"
                        },
                        "tainted": false
                    },
                    "deposed": [],
                    "provider": "provider.aci"
                },
                "aci_contract_subject.demosubject": {
                    "type": "aci_contract_subject",
                    "depends_on": [
                        "aci_contract.contract_for_subject"
                    ],
                    "primary": {
                        "id": "uni/tn-tenant_for_subject/brc-contract_for_subject/subj-test_tf_subject",
                        "attributes": {
                            "cons_match_t": "AtleastOne",
                            "contract_dn": "uni/tn-tenant_for_subject/brc-contract_for_subject",
                            "description": "This subject is created by terraform ACI provider",
                            "id": "uni/tn-tenant_for_subject/brc-contract_for_subject/subj-test_tf_subject",
                            "name": "test_tf_subject",
                            "name_alias": "",
                            "prio": "unspecified",
                            "prov_match_t": "AtleastOne",
                            "relation_vz_rs_subj_filt_att.#": "1",
                            "relation_vz_rs_subj_filt_att.3594706848": "demo",
                            "relation_vz_rs_subj_graph_att": "test",
                            "rev_flt_ports": "yes",
                            "target_dscp": "unspecified"
                        },
                        "meta": {
                            "schema_version": "1"
                        },
                        "tainted": false
                    },
                    "deposed": [],
                    "provider": "provider.aci"
                },
                "aci_tenant.tenant_for_subject": {
                    "type": "aci_tenant",
                    "depends_on": [],
                    "primary": {
                        "id": "uni/tn-tenant_for_subject",
                        "attributes": {
                            "description": "This tenant is created by terraform ACI provider",
                            "id": "uni/tn-tenant_for_subject",
                            "name": "tenant_for_subject",
                            "name_alias": ""
                        },
                        "meta": {
                            "schema_version": "1"
                        },
                        "tainted": false
                    },
                    "deposed": [],
                    "provider": "provider.aci"
                }
            },
            "depends_on": []
        }
    ]
}
