{
  "version": 4,
  "terraform_version": "0.11.9",
  "serial": 17,
  "lineage": "dac11b11-920b-c299-2545-52301a0e6ca8",
  "outputs": {},
  "resources": [
    {
      "mode": "managed",
      "type": "aci_contract",
      "name": "contract_for_subject",
      "provider": "provider.aci",
      "instances": [
        {
          "schema_version": 1,
          "attributes": {
            "description": "This contract is created by terraform ACI provider",
            "id": "uni/tn-tenant_for_subject/brc-contract_for_subject",
            "name": "contract_for_subject",
            "name_alias": "",
            "prio": "unspecified",
            "relation_vz_rs_graph_att": null,
            "scope": "context",
            "target_dscp": "VA",
            "tenant_dn": "uni/tn-tenant_for_subject"
          },
          "depends_on": [
            "aci_tenant.tenant_for_subject"
          ]
        }
      ]
    },
    {
      "mode": "managed",
      "type": "aci_contract_subject",
      "name": "demosubject",
      "provider": "provider.aci",
      "instances": [
        {
          "schema_version": 1,
          "attributes": {
            "cons_match_t": "None",
            "contract_dn": "uni/tn-tenant_for_subject/brc-contract_for_subject",
            "description": "This subject is created by terraform ACI provider",
            "id": "uni/tn-tenant_for_subject/brc-contract_for_subject/subj-test_tf_subject",
            "name": "test_tf_subject",
            "name_alias": "",
            "prio": "unspecified",
            "prov_match_t": "None",
            "relation_vz_rs_subj_filt_att": [
              "uni/tn-tenant_for_filter/flt-test_tf_filter"
            ],
            "relation_vz_rs_subj_graph_att": "test",
            "rev_flt_ports": "no",
            "target_dscp": "unspecified"
          },
          "depends_on": [
            "aci_contract.contract_for_subject",
            "aci_filter.subj_filter"
          ]
        }
      ]
    },
    {
      "mode": "managed",
      "type": "aci_filter",
      "name": "subj_filter",
      "provider": "provider.aci",
      "instances": [
        {
          "schema_version": 1,
          "attributes": {
            "description": "This filter is created by terraform ACI provider.",
            "id": "uni/tn-tenant_for_filter/flt-test_tf_filter",
            "name": "test_tf_filter",
            "name_alias": "",
            "relation_vz_rs_filt_graph_att": null,
            "relation_vz_rs_fwd_r_flt_p_att": null,
            "relation_vz_rs_rev_r_flt_p_att": null,
            "tenant_dn": "uni/tn-tenant_for_filter"
          },
          "depends_on": [
            "aci_tenant.tenant_for_filter"
          ]
        }
      ]
    },
    {
      "mode": "managed",
      "type": "aci_tenant",
      "name": "tenant_for_filter",
      "provider": "provider.aci",
      "instances": [
        {
          "schema_version": 1,
          "attributes": {
            "description": "This tenant is created by terraform ACI provider",
            "id": "uni/tn-tenant_for_filter",
            "name": "tenant_for_filter",
            "name_alias": "",
            "relation_fv_rs_tenant_mon_pol": null,
            "relation_fv_rs_tn_deny_rule": null
          }
        }
      ]
    },
    {
      "mode": "managed",
      "type": "aci_tenant",
      "name": "tenant_for_subject",
      "provider": "provider.aci",
      "instances": [
        {
          "schema_version": 1,
          "attributes": {
            "description": "This tenant is created by terraform ACI provider",
            "id": "uni/tn-tenant_for_subject",
            "name": "tenant_for_subject",
            "name_alias": "",
            "relation_fv_rs_tenant_mon_pol": null,
            "relation_fv_rs_tn_deny_rule": null
          }
        }
      ]
    }
  ]
}
