{
    "version": 3,
    "terraform_version": "0.11.7",
    "serial": 3,
    "lineage": "ec413e74-8631-46b6-8486-a4dcfba22374",
    "modules": [
        {
            "path": [
                "root"
            ],
            "outputs": {},
            "resources": {
                "aci_subnet.testsubnet": {
                    "type": "aci_subnet",
                    "depends_on": [],
                    "primary": {
                        "id": "uni/tn-Girish/BD-testingbd/subnet-[10.0.3.30/30]",
                        "attributes": {
                            "bridge_domain_dn": "uni/tn-Girish/BD-testingbd",
                            "control": "nd",
                            "description": "",
                            "id": "uni/tn-Girish/BD-testingbd/subnet-[10.0.3.30/30]",
                            "ip_address": "10.0.3.30/30",
                            "name": "10.0.3.30/30",
                            "preffered": "false",
                            "scope.#": "1",
                            "scope.0": "private",
                            "virtual": "false"
                        },
                        "meta": {},
                        "tainted": false
                    },
                    "deposed": [],
                    "provider": "provider.aci"
                }
            },
            "depends_on": []
        }
    ]
}
